
Microsoft Visual Studio Solution File, Format Version 12.00
# Visual Studio Version 16
VisualStudioVersion = 16.0.30907.101
MinimumVisualStudioVersion = 10.0.40219.1
Project("{FAE04EC0-301F-11D3-BF4B-00C04F79EFBC}") = "MyDictionary", "MyDictionary\MyDictionary.csproj", "{0193370D-AE67-41B4-9637-C184F1076029}"
EndProject
Global
	GlobalSection(SolutionConfigurationPlatforms) = preSolution
		Debug|Any CPU = Debug|Any CPU
		Release|Any CPU = Release|Any CPU
	EndGlobalSection
	GlobalSection(ProjectConfigurationPlatforms) = postSolution
		{0193370D-AE67-41B4-9637-C184F1076029}.Debug|Any CPU.ActiveCfg = Debug|Any CPU
		{0193370D-AE67-41B4-9637-C184F1076029}.Debug|Any CPU.Build.0 = Debug|Any CPU
		{0193370D-AE67-41B4-9637-C184F1076029}.Release|Any CPU.ActiveCfg = Release|Any CPU
		{0193370D-AE67-41B4-9637-C184F1076029}.Release|Any CPU.Build.0 = Release|Any CPU
	EndGlobalSection
	GlobalSection(SolutionProperties) = preSolution
		HideSolutionNode = FALSE
	EndGlobalSection
	GlobalSection(ExtensibilityGlobals) = postSolution
		SolutionGuid = {D03CFBC9-CD2C-462F-8E8B-B1B6F086145A}
	EndGlobalSection
EndGlobal
